
Microsoft Visual Studio Solution File, Format Version 12.00
# Visual Studio 15
VisualStudioVersion = 15.0.28010.2050
MinimumVisualStudioVersion = 10.0.40219.1
Project("{8BC9CEB8-8B4A-11D0-8D11-00A0C91BC942}") = "Link Queue", "Link Queue\Link Queue.vcxproj", "{031CAB0C-A6F9-4ECF-B776-CF443CF63F05}"
EndProject
Global
	GlobalSection(SolutionConfigurationPlatforms) = preSolution
		Debug|x64 = Debug|x64
		Debug|x86 = Debug|x86
		Release|x64 = Release|x64
		Release|x86 = Release|x86
	EndGlobalSection
	GlobalSection(ProjectConfigurationPlatforms) = postSolution
		{031CAB0C-A6F9-4ECF-B776-CF443CF63F05}.Debug|x64.ActiveCfg = Debug|x64
		{031CAB0C-A6F9-4ECF-B776-CF443CF63F05}.Debug|x64.Build.0 = Debug|x64
		{031CAB0C-A6F9-4ECF-B776-CF443CF63F05}.Debug|x86.ActiveCfg = Debug|Win32
		{031CAB0C-A6F9-4ECF-B776-CF443CF63F05}.Debug|x86.Build.0 = Debug|Win32
		{031CAB0C-A6F9-4ECF-B776-CF443CF63F05}.Release|x64.ActiveCfg = Release|x64
		{031CAB0C-A6F9-4ECF-B776-CF443CF63F05}.Release|x64.Build.0 = Release|x64
		{031CAB0C-A6F9-4ECF-B776-CF443CF63F05}.Release|x86.ActiveCfg = Release|Win32
		{031CAB0C-A6F9-4ECF-B776-CF443CF63F05}.Release|x86.Build.0 = Release|Win32
	EndGlobalSection
	GlobalSection(SolutionProperties) = preSolution
		HideSolutionNode = FALSE
	EndGlobalSection
	GlobalSection(ExtensibilityGlobals) = postSolution
		SolutionGuid = {B8039C75-7ED1-4FC8-9DF2-A4EDF2189A6E}
	EndGlobalSection
EndGlobal
